{
  "requires": true,
  "lockfileVersion": 1,
  "dependencies": {
    "@material/animation": {
      "version": "0.4.1",
      "resolved": "https://registry.npmjs.org/@material/animation/-/animation-0.4.1.tgz",
      "integrity": "sha1-v4tQrtrUz/zopbQo/cqPGruvF24=",
      "dev": true
    },
    "@material/base": {
      "version": "0.2.6",
      "resolved": "https://registry.npmjs.org/@material/base/-/base-0.2.6.tgz",
      "integrity": "sha1-MAPz3ywG0XIVHUFguMiy5sZefAE=",
      "dev": true
    },
    "@material/button": {
      "version": "0.23.0",
      "resolved": "https://registry.npmjs.org/@material/button/-/button-0.23.0.tgz",
      "integrity": "sha512-sjrL3neogeZGZlZ1ClZhAl6eII2rDmRtksJoNRaFPsFbM2lrZuIpbKetAKy7Z4aDwSXV4Hml0we2sMnEs2s7pQ==",
      "dev": true,
      "requires": {
        "@material/elevation": "0.1.13",
        "@material/ripple": "0.23.0",
        "@material/theme": "0.4.0",
        "@material/typography": "0.3.0"
      }
    },
    "@material/elevation": {
      "version": "0.1.13",
      "resolved": "https://registry.npmjs.org/@material/elevation/-/elevation-0.1.13.tgz",
      "integrity": "sha1-o4iF88r0OYymp0aMMIiH1wvUYFs=",
      "dev": true,
      "requires": {
        "@material/animation": "0.4.1"
      }
    },
    "@material/list": {
      "version": "0.23.0",
      "resolved": "https://registry.npmjs.org/@material/list/-/list-0.23.0.tgz",
      "integrity": "sha512-D3Kc1shZIPLrIU6srWSCos7D/i8bVTL5J0fNx/u+pC4EIjDSBAnHtETotw6f9uE1KLWlmUxEyl/s5FaJHf337g==",
      "dev": true,
      "requires": {
        "@material/ripple": "0.23.0",
        "@material/rtl": "0.1.8",
        "@material/theme": "0.4.0",
        "@material/typography": "0.3.0"
      }
    },
    "@material/ripple": {
      "version": "0.23.0",
      "resolved": "https://registry.npmjs.org/@material/ripple/-/ripple-0.23.0.tgz",
      "integrity": "sha512-iPm0zpUSw5dlgIcASeNa+4zZgteYU/7hsbhofW0dcy0xT+ocw0r0i5LEJTzOBl4UpCZOAT0A9lDAhgwvEWpU4w==",
      "dev": true,
      "requires": {
        "@material/base": "0.2.6",
        "@material/theme": "0.4.0"
      }
    },
    "@material/rtl": {
      "version": "0.1.8",
      "resolved": "https://registry.npmjs.org/@material/rtl/-/rtl-0.1.8.tgz",
      "integrity": "sha512-NzBobwxvhJg+dch99pVO+Z9HL1DM+esuIy5WYXgM7trfOVh8n9DkVo5vD/NKnDy6F5wCaRnJOI5T19Tev6c9Zw==",
      "dev": true
    },
    "@material/tabs": {
      "version": "0.23.0",
      "resolved": "https://registry.npmjs.org/@material/tabs/-/tabs-0.23.0.tgz",
      "integrity": "sha512-Vzc/XklkmSrDS/BS45cMLpWd1Ijp5gVR0Wl40wniMmHYbMXFWGeOTQfQgcS8VBDcYX0dVd3oSCmgRfc8D0i0/Q==",
      "dev": true,
      "requires": {
        "@material/animation": "0.4.1",
        "@material/base": "0.2.6",
        "@material/ripple": "0.23.0",
        "@material/rtl": "0.1.8",
        "@material/theme": "0.4.0",
        "@material/typography": "0.3.0"
      }
    },
    "@material/theme": {
      "version": "0.4.0",
      "resolved": "https://registry.npmjs.org/@material/theme/-/theme-0.4.0.tgz",
      "integrity": "sha1-Cu8aAnm2XBWZBYT7i47KCVxzRkE=",
      "dev": true
    },
    "@material/typography": {
      "version": "0.3.0",
      "resolved": "https://registry.npmjs.org/@material/typography/-/typography-0.3.0.tgz",
      "integrity": "sha1-+CjC0yFb/WbFgHJwm0JgxkElOQo=",
      "dev": true
    },
    "komet-karma": {
      "version": "0.2.5",
      "resolved": "https://registry.npmjs.org/komet-karma/-/komet-karma-0.2.5.tgz",
      "integrity": "sha1-xEQimTO2FoTBTcATQsdqucZTis8=",
      "dev": true
    },
    "ynnub": {
      "version": "0.5.2",
      "dev": true,
      "requires": {
        "@material/button": "0.23.0",
        "@material/list": "0.23.0",
        "@material/tabs": "0.23.0",
        "@material/theme": "0.4.0",
        "@material/typography": "0.3.0"
      }
    }
  }
}
